# This file was autogenerated by uv via the following command:
#    uv pip compile --python-version 3.11 --universal --constraint requirements.lock --output-file requirements-dev.lock requirements-dev.txt
anyio==4.13.0
    # via
    #   -c requirements.lock
    #   httpx
certifi==2026.5.20
    # via
    #   -c requirements.lock
    #   httpcore
    #   httpx
colorama==0.4.6 ; sys_platform == 'win32'
    # via
    #   -c requirements.lock
    #   pytest
h11==0.16.0
    # via
    #   -c requirements.lock
    #   httpcore
httpcore==1.0.9
    # via
    #   -c requirements.lock
    #   httpx
httpx==0.28.1
    # via
    #   -c requirements.lock
    #   -r requirements-dev.txt
idna==3.18
    # via
    #   -c requirements.lock
    #   anyio
    #   httpx
iniconfig==2.3.0
    # via pytest
packaging==26.2
    # via pytest
pluggy==1.6.0
    # via pytest
pygments==2.20.0
    # via pytest
pytest==8.4.2
    # via -r requirements-dev.txt
ruff==0.15.17
    # via -r requirements-dev.txt
typing-extensions==4.15.0 ; python_full_version < '3.13'
    # via
    #   -c requirements.lock
    #   anyio
